<?xml version="1.0" encoding="utf-8"?>
<Project ToolsVersion="4.0" xmlns="http://schemas.microsoft.com/developer/msbuild/2003">
  <ItemGroup>
    <ClCompile Include="Ability.cpp" />
    <ClCompile Include="AbilityFactory.cpp" />
    <ClCompile Include="BrickTiles.cpp" />
    <ClCompile Include="Collision.cpp" />
    <ClCompile Include="Cursor.cpp" />
    <ClCompile Include="Dragon.cpp" />
    <ClCompile Include="DyvirFight.cpp" />
    <ClCompile Include="DyvirMap.cpp" />
    <ClCompile Include="Enemy.cpp" />
    <ClCompile Include="EnemyFactory.cpp" />
    <ClCompile Include="Fight.cpp" />
    <ClCompile Include="FuncionesGlobales.cpp" />
    <ClCompile Include="Inventory.cpp" />
    <ClCompile Include="Main.cpp" />
    <ClCompile Include="Map.cpp" />
    <ClCompile Include="MapWalls.cpp" />
    <ClCompile Include="Menu.cpp" />
    <ClCompile Include="MenuFight.cpp" />
    <ClCompile Include="MenuMap.cpp" />
    <ClCompile Include="stdafx.cpp" />
  </ItemGroup>
  <ItemGroup>
    <ClInclude Include="Ability.h" />
    <ClInclude Include="AbilityFactory.h" />
    <ClInclude Include="BrickTiles.h" />
    <ClInclude Include="Collision.h" />
    <ClInclude Include="Cursor.h" />
    <ClInclude Include="Dragon.h" />
    <ClInclude Include="DyvirFight.h" />
    <ClInclude Include="DyvirMap.h" />
    <ClInclude Include="Enemy.h" />
    <ClInclude Include="EnemyFactory.h" />
    <ClInclude Include="Fight.h" />
    <ClInclude Include="FuncionesGlobales.h" />
    <ClInclude Include="Elements.h" />
    <ClInclude Include="Inventory.h" />
    <ClInclude Include="Map.h" />
    <ClInclude Include="MapWalls.h" />
    <ClInclude Include="Menu.h" />
    <ClInclude Include="MenuFight.h" />
    <ClInclude Include="MenuMap.h" />
    <ClInclude Include="resource.h" />
    <ClInclude Include="stdafx.h" />
  </ItemGroup>
  <ItemGroup>
    <ResourceCompile Include="Proyectazo.rc" />
  </ItemGroup>
</Project>